{
  "name": "@mf-dom/inputgen",
  "version": "1.0.0",
  "lockfileVersion": 1,
  "requires": true,
  "dependencies": {
    "typescript": {
      "version": "4.5.0-dev.20211013",
      "resolved": "https://registry.npmjs.org/typescript/-/typescript-4.5.0-dev.20211013.tgz",
      "integrity": "sha512-1tzSuscCexbHb761+7ZtVg/1QDECO9Ub5OI3/VZF0nvfhbemQMc0LGQcWO2wB7o1utlCdoaVk83O1chtVJ5pSA=="
    }
  }
}
